
Microsoft Visual Studio Solution File, Format Version 12.00
# Visual Studio Version 16
VisualStudioVersion = 16.0.30907.101
MinimumVisualStudioVersion = 10.0.40219.1
Project("{FAE04EC0-301F-11D3-BF4B-00C04F79EFBC}") = "Csharp_2021_DataGridView", "Csharp_2021_DataGridView\Csharp_2021_DataGridView.csproj", "{F52AF975-B570-403A-88F9-9D9C83AFC2B0}"
EndProject
Global
	GlobalSection(SolutionConfigurationPlatforms) = preSolution
		Debug|Any CPU = Debug|Any CPU
		Release|Any CPU = Release|Any CPU
	EndGlobalSection
	GlobalSection(ProjectConfigurationPlatforms) = postSolution
		{F52AF975-B570-403A-88F9-9D9C83AFC2B0}.Debug|Any CPU.ActiveCfg = Debug|Any CPU
		{F52AF975-B570-403A-88F9-9D9C83AFC2B0}.Debug|Any CPU.Build.0 = Debug|Any CPU
		{F52AF975-B570-403A-88F9-9D9C83AFC2B0}.Release|Any CPU.ActiveCfg = Release|Any CPU
		{F52AF975-B570-403A-88F9-9D9C83AFC2B0}.Release|Any CPU.Build.0 = Release|Any CPU
	EndGlobalSection
	GlobalSection(SolutionProperties) = preSolution
		HideSolutionNode = FALSE
	EndGlobalSection
	GlobalSection(ExtensibilityGlobals) = postSolution
		SolutionGuid = {0F44D773-E708-4B0B-8624-57FB0B8C38DF}
	EndGlobalSection
EndGlobal
